
Microsoft Visual Studio Solution File, Format Version 12.00
# Visual Studio Version 16
VisualStudioVersion = 16.0.29709.97
MinimumVisualStudioVersion = 10.0.40219.1
Project("{FAE04EC0-301F-11D3-BF4B-00C04F79EFBC}") = "Notes.UWP", "Notes\Notes.UWP\Notes.UWP.csproj", "{BF7D0329-B88A-4F23-9141-BF4C1576BCC7}"
EndProject
Project("{FAE04EC0-301F-11D3-BF4B-00C04F79EFBC}") = "Notes.Android", "Notes\Notes.Android\Notes.Android.csproj", "{B83894D9-5F1E-4546-9700-74A366A72F31}"
EndProject
Project("{FAE04EC0-301F-11D3-BF4B-00C04F79EFBC}") = "Notes.iOS", "Notes\Notes.iOS\Notes.iOS.csproj", "{B437712C-167F-42E4-A962-E2D6DAAFB104}"
EndProject
Project("{FAE04EC0-301F-11D3-BF4B-00C04F79EFBC}") = "Notes", "Notes\Notes\Notes.csproj", "{AC32905E-8B75-474B-A3E2-8AB98E821BFF}"
EndProject
Global
	GlobalSection(SolutionConfigurationPlatforms) = preSolution
		Debug|Any CPU = Debug|Any CPU
		Debug|ARM = Debug|ARM
		Debug|iPhone = Debug|iPhone
		Debug|iPhoneSimulator = Debug|iPhoneSimulator
		Debug|x64 = Debug|x64
		Debug|x86 = Debug|x86
		Release|Any CPU = Release|Any CPU
		Release|ARM = Release|ARM
		Release|iPhone = Release|iPhone
		Release|iPhoneSimulator = Release|iPhoneSimulator
		Release|x64 = Release|x64
		Release|x86 = Release|x86
	EndGlobalSection
	GlobalSection(ProjectConfigurationPlatforms) = postSolution
		{BF7D0329-B88A-4F23-9141-BF4C1576BCC7}.Debug|Any CPU.ActiveCfg = Debug|x86
		{BF7D0329-B88A-4F23-9141-BF4C1576BCC7}.Debug|Any CPU.Build.0 = Debug|x86
		{BF7D0329-B88A-4F23-9141-BF4C1576BCC7}.Debug|Any CPU.Deploy.0 = Debug|x86
		{BF7D0329-B88A-4F23-9141-BF4C1576BCC7}.Debug|ARM.ActiveCfg = Debug|ARM
		{BF7D0329-B88A-4F23-9141-BF4C1576BCC7}.Debug|ARM.Build.0 = Debug|ARM
		{BF7D0329-B88A-4F23-9141-BF4C1576BCC7}.Debug|ARM.Deploy.0 = Debug|ARM
		{BF7D0329-B88A-4F23-9141-BF4C1576BCC7}.Debug|iPhone.ActiveCfg = Debug|x86
		{BF7D0329-B88A-4F23-9141-BF4C1576BCC7}.Debug|iPhone.Build.0 = Debug|x86
		{BF7D0329-B88A-4F23-9141-BF4C1576BCC7}.Debug|iPhone.Deploy.0 = Debug|x86
		{BF7D0329-B88A-4F23-9141-BF4C1576BCC7}.Debug|iPhoneSimulator.ActiveCfg = Debug|x86
		{BF7D0329-B88A-4F23-9141-BF4C1576BCC7}.Debug|iPhoneSimulator.Build.0 = Debug|x86
		{BF7D0329-B88A-4F23-9141-BF4C1576BCC7}.Debug|iPhoneSimulator.Deploy.0 = Debug|x86
		{BF7D0329-B88A-4F23-9141-BF4C1576BCC7}.Debug|x64.ActiveCfg = Debug|x64
		{BF7D0329-B88A-4F23-9141-BF4C1576BCC7}.Debug|x64.Build.0 = Debug|x64
		{BF7D0329-B88A-4F23-9141-BF4C1576BCC7}.Debug|x64.Deploy.0 = Debug|x64
		{BF7D0329-B88A-4F23-9141-BF4C1576BCC7}.Debug|x86.ActiveCfg = Debug|x86
		{BF7D0329-B88A-4F23-9141-BF4C1576BCC7}.Debug|x86.Build.0 = Debug|x86
		{BF7D0329-B88A-4F23-9141-BF4C1576BCC7}.Debug|x86.Deploy.0 = Debug|x86
		{BF7D0329-B88A-4F23-9141-BF4C1576BCC7}.Release|Any CPU.ActiveCfg = Release|x86
		{BF7D0329-B88A-4F23-9141-BF4C1576BCC7}.Release|Any CPU.Build.0 = Release|x86
		{BF7D0329-B88A-4F23-9141-BF4C1576BCC7}.Release|Any CPU.Deploy.0 = Release|x86
		{BF7D0329-B88A-4F23-9141-BF4C1576BCC7}.Release|ARM.ActiveCfg = Release|ARM
		{BF7D0329-B88A-4F23-9141-BF4C1576BCC7}.Release|ARM.Build.0 = Release|ARM
		{BF7D0329-B88A-4F23-9141-BF4C1576BCC7}.Release|ARM.Deploy.0 = Release|ARM
		{BF7D0329-B88A-4F23-9141-BF4C1576BCC7}.Release|iPhone.ActiveCfg = Release|x86
		{BF7D0329-B88A-4F23-9141-BF4C1576BCC7}.Release|iPhone.Build.0 = Release|x86
		{BF7D0329-B88A-4F23-9141-BF4C1576BCC7}.Release|iPhone.Deploy.0 = Release|x86
		{BF7D0329-B88A-4F23-9141-BF4C1576BCC7}.Release|iPhoneSimulator.ActiveCfg = Release|x86
		{BF7D0329-B88A-4F23-9141-BF4C1576BCC7}.Release|iPhoneSimulator.Build.0 = Release|x86
		{BF7D0329-B88A-4F23-9141-BF4C1576BCC7}.Release|iPhoneSimulator.Deploy.0 = Release|x86
		{BF7D0329-B88A-4F23-9141-BF4C1576BCC7}.Release|x64.ActiveCfg = Release|x64
		{BF7D0329-B88A-4F23-9141-BF4C1576BCC7}.Release|x64.Build.0 = Release|x64
		{BF7D0329-B88A-4F23-9141-BF4C1576BCC7}.Release|x64.Deploy.0 = Release|x64
		{BF7D0329-B88A-4F23-9141-BF4C1576BCC7}.Release|x86.ActiveCfg = Release|x86
		{BF7D0329-B88A-4F23-9141-BF4C1576BCC7}.Release|x86.Build.0 = Release|x86
		{BF7D0329-B88A-4F23-9141-BF4C1576BCC7}.Release|x86.Deploy.0 = Release|x86
		{B83894D9-5F1E-4546-9700-74A366A72F31}.Debug|Any CPU.ActiveCfg = Debug|Any CPU
		{B83894D9-5F1E-4546-9700-74A366A72F31}.Debug|Any CPU.Build.0 = Debug|Any CPU
		{B83894D9-5F1E-4546-9700-74A366A72F31}.Debug|Any CPU.Deploy.0 = Debug|Any CPU
		{B83894D9-5F1E-4546-9700-74A366A72F31}.Debug|ARM.ActiveCfg = Debug|Any CPU
		{B83894D9-5F1E-4546-9700-74A366A72F31}.Debug|ARM.Build.0 = Debug|Any CPU
		{B83894D9-5F1E-4546-9700-74A366A72F31}.Debug|ARM.Deploy.0 = Debug|Any CPU
		{B83894D9-5F1E-4546-9700-74A366A72F31}.Debug|iPhone.ActiveCfg = Debug|Any CPU
		{B83894D9-5F1E-4546-9700-74A366A72F31}.Debug|iPhone.Build.0 = Debug|Any CPU
		{B83894D9-5F1E-4546-9700-74A366A72F31}.Debug|iPhone.Deploy.0 = Debug|Any CPU
		{B83894D9-5F1E-4546-9700-74A366A72F31}.Debug|iPhoneSimulator.ActiveCfg = Debug|Any CPU
		{B83894D9-5F1E-4546-9700-74A366A72F31}.Debug|iPhoneSimulator.Build.0 = Debug|Any CPU
		{B83894D9-5F1E-4546-9700-74A366A72F31}.Debug|iPhoneSimulator.Deploy.0 = Debug|Any CPU
		{B83894D9-5F1E-4546-9700-74A366A72F31}.Debug|x64.ActiveCfg = Debug|Any CPU
		{B83894D9-5F1E-4546-9700-74A366A72F31}.Debug|x64.Build.0 = Debug|Any CPU
		{B83894D9-5F1E-4546-9700-74A366A72F31}.Debug|x64.Deploy.0 = Debug|Any CPU
		{B83894D9-5F1E-4546-9700-74A366A72F31}.Debug|x86.ActiveCfg = Debug|Any CPU
		{B83894D9-5F1E-4546-9700-74A366A72F31}.Debug|x86.Build.0 = Debug|Any CPU
		{B83894D9-5F1E-4546-9700-74A366A72F31}.Debug|x86.Deploy.0 = Debug|Any CPU
		{B83894D9-5F1E-4546-9700-74A366A72F31}.Release|Any CPU.ActiveCfg = Release|Any CPU
		{B83894D9-5F1E-4546-9700-74A366A72F31}.Release|Any CPU.Build.0 = Release|Any CPU
		{B83894D9-5F1E-4546-9700-74A366A72F31}.Release|Any CPU.Deploy.0 = Release|Any CPU
		{B83894D9-5F1E-4546-9700-74A366A72F31}.Release|ARM.ActiveCfg = Release|Any CPU
		{B83894D9-5F1E-4546-9700-74A366A72F31}.Release|ARM.Build.0 = Release|Any CPU
		{B83894D9-5F1E-4546-9700-74A366A72F31}.Release|ARM.Deploy.0 = Release|Any CPU
		{B83894D9-5F1E-4546-9700-74A366A72F31}.Release|iPhone.ActiveCfg = Release|Any CPU
		{B83894D9-5F1E-4546-9700-74A366A72F31}.Release|iPhone.Build.0 = Release|Any CPU
		{B83894D9-5F1E-4546-9700-74A366A72F31}.Release|iPhone.Deploy.0 = Release|Any CPU
		{B83894D9-5F1E-4546-9700-74A366A72F31}.Release|iPhoneSimulator.ActiveCfg = Release|Any CPU
		{B83894D9-5F1E-4546-9700-74A366A72F31}.Release|iPhoneSimulator.Build.0 = Release|Any CPU
		{B83894D9-5F1E-4546-9700-74A366A72F31}.Release|iPhoneSimulator.Deploy.0 = Release|Any CPU
		{B83894D9-5F1E-4546-9700-74A366A72F31}.Release|x64.ActiveCfg = Release|Any CPU
		{B83894D9-5F1E-4546-9700-74A366A72F31}.Release|x64.Build.0 = Release|Any CPU
		{B83894D9-5F1E-4546-9700-74A366A72F31}.Release|x64.Deploy.0 = Release|Any CPU
		{B83894D9-5F1E-4546-9700-74A366A72F31}.Release|x86.ActiveCfg = Release|Any CPU
		{B83894D9-5F1E-4546-9700-74A366A72F31}.Release|x86.Build.0 = Release|Any CPU
		{B83894D9-5F1E-4546-9700-74A366A72F31}.Release|x86.Deploy.0 = Release|Any CPU
		{B437712C-167F-42E4-A962-E2D6DAAFB104}.Debug|Any CPU.ActiveCfg = Debug|iPhone
		{B437712C-167F-42E4-A962-E2D6DAAFB104}.Debug|Any CPU.Build.0 = Debug|iPhone
		{B437712C-167F-42E4-A962-E2D6DAAFB104}.Debug|Any CPU.Deploy.0 = Debug|iPhone
		{B437712C-167F-42E4-A962-E2D6DAAFB104}.Debug|ARM.ActiveCfg = Debug|iPhoneSimulator
		{B437712C-167F-42E4-A962-E2D6DAAFB104}.Debug|ARM.Build.0 = Debug|iPhoneSimulator
		{B437712C-167F-42E4-A962-E2D6DAAFB104}.Debug|ARM.Deploy.0 = Debug|iPhoneSimulator
		{B437712C-167F-42E4-A962-E2D6DAAFB104}.Debug|iPhone.ActiveCfg = Debug|iPhone
		{B437712C-167F-42E4-A962-E2D6DAAFB104}.Debug|iPhone.Build.0 = Debug|iPhone
		{B437712C-167F-42E4-A962-E2D6DAAFB104}.Debug|iPhone.Deploy.0 = Debug|iPhone
		{B437712C-167F-42E4-A962-E2D6DAAFB104}.Debug|iPhoneSimulator.ActiveCfg = Debug|iPhoneSimulator
		{B437712C-167F-42E4-A962-E2D6DAAFB104}.Debug|iPhoneSimulator.Build.0 = Debug|iPhoneSimulator
		{B437712C-167F-42E4-A962-E2D6DAAFB104}.Debug|iPhoneSimulator.Deploy.0 = Debug|iPhoneSimulator
		{B437712C-167F-42E4-A962-E2D6DAAFB104}.Debug|x64.ActiveCfg = Debug|iPhone
		{B437712C-167F-42E4-A962-E2D6DAAFB104}.Debug|x64.Build.0 = Debug|iPhone
		{B437712C-167F-42E4-A962-E2D6DAAFB104}.Debug|x64.Deploy.0 = Debug|iPhone
		{B437712C-167F-42E4-A962-E2D6DAAFB104}.Debug|x86.ActiveCfg = Debug|iPhone
		{B437712C-167F-42E4-A962-E2D6DAAFB104}.Debug|x86.Build.0 = Debug|iPhone
		{B437712C-167F-42E4-A962-E2D6DAAFB104}.Debug|x86.Deploy.0 = Debug|iPhone
		{B437712C-167F-42E4-A962-E2D6DAAFB104}.Release|Any CPU.ActiveCfg = Release|iPhone
		{B437712C-167F-42E4-A962-E2D6DAAFB104}.Release|Any CPU.Build.0 = Release|iPhone
		{B437712C-167F-42E4-A962-E2D6DAAFB104}.Release|Any CPU.Deploy.0 = Release|iPhone
		{B437712C-167F-42E4-A962-E2D6DAAFB104}.Release|ARM.ActiveCfg = Release|iPhone
		{B437712C-167F-42E4-A962-E2D6DAAFB104}.Release|ARM.Build.0 = Release|iPhone
		{B437712C-167F-42E4-A962-E2D6DAAFB104}.Release|ARM.Deploy.0 = Release|iPhone
		{B437712C-167F-42E4-A962-E2D6DAAFB104}.Release|iPhone.ActiveCfg = Release|iPhone
		{B437712C-167F-42E4-A962-E2D6DAAFB104}.Release|iPhone.Build.0 = Release|iPhone
		{B437712C-167F-42E4-A962-E2D6DAAFB104}.Release|iPhone.Deploy.0 = Release|iPhone
		{B437712C-167F-42E4-A962-E2D6DAAFB104}.Release|iPhoneSimulator.ActiveCfg = Release|iPhoneSimulator
		{B437712C-167F-42E4-A962-E2D6DAAFB104}.Release|iPhoneSimulator.Build.0 = Release|iPhoneSimulator
		{B437712C-167F-42E4-A962-E2D6DAAFB104}.Release|iPhoneSimulator.Deploy.0 = Release|iPhoneSimulator
		{B437712C-167F-42E4-A962-E2D6DAAFB104}.Release|x64.ActiveCfg = Release|iPhone
		{B437712C-167F-42E4-A962-E2D6DAAFB104}.Release|x64.Build.0 = Release|iPhone
		{B437712C-167F-42E4-A962-E2D6DAAFB104}.Release|x64.Deploy.0 = Release|iPhone
		{B437712C-167F-42E4-A962-E2D6DAAFB104}.Release|x86.ActiveCfg = Release|iPhone
		{B437712C-167F-42E4-A962-E2D6DAAFB104}.Release|x86.Build.0 = Release|iPhone
		{B437712C-167F-42E4-A962-E2D6DAAFB104}.Release|x86.Deploy.0 = Release|iPhone
		{AC32905E-8B75-474B-A3E2-8AB98E821BFF}.Debug|Any CPU.ActiveCfg = Debug|Any CPU
		{AC32905E-8B75-474B-A3E2-8AB98E821BFF}.Debug|Any CPU.Build.0 = Debug|Any CPU
		{AC32905E-8B75-474B-A3E2-8AB98E821BFF}.Debug|Any CPU.Deploy.0 = Debug|Any CPU
		{AC32905E-8B75-474B-A3E2-8AB98E821BFF}.Debug|ARM.ActiveCfg = Debug|Any CPU
		{AC32905E-8B75-474B-A3E2-8AB98E821BFF}.Debug|ARM.Build.0 = Debug|Any CPU
		{AC32905E-8B75-474B-A3E2-8AB98E821BFF}.Debug|ARM.Deploy.0 = Debug|Any CPU
		{AC32905E-8B75-474B-A3E2-8AB98E821BFF}.Debug|iPhone.ActiveCfg = Debug|Any CPU
		{AC32905E-8B75-474B-A3E2-8AB98E821BFF}.Debug|iPhone.Build.0 = Debug|Any CPU
		{AC32905E-8B75-474B-A3E2-8AB98E821BFF}.Debug|iPhone.Deploy.0 = Debug|Any CPU
		{AC32905E-8B75-474B-A3E2-8AB98E821BFF}.Debug|iPhoneSimulator.ActiveCfg = Debug|Any CPU
		{AC32905E-8B75-474B-A3E2-8AB98E821BFF}.Debug|iPhoneSimulator.Build.0 = Debug|Any CPU
		{AC32905E-8B75-474B-A3E2-8AB98E821BFF}.Debug|iPhoneSimulator.Deploy.0 = Debug|Any CPU
		{AC32905E-8B75-474B-A3E2-8AB98E821BFF}.Debug|x64.ActiveCfg = Debug|Any CPU
		{AC32905E-8B75-474B-A3E2-8AB98E821BFF}.Debug|x64.Build.0 = Debug|Any CPU
		{AC32905E-8B75-474B-A3E2-8AB98E821BFF}.Debug|x64.Deploy.0 = Debug|Any CPU
		{AC32905E-8B75-474B-A3E2-8AB98E821BFF}.Debug|x86.ActiveCfg = Debug|Any CPU
		{AC32905E-8B75-474B-A3E2-8AB98E821BFF}.Debug|x86.Build.0 = Debug|Any CPU
		{AC32905E-8B75-474B-A3E2-8AB98E821BFF}.Debug|x86.Deploy.0 = Debug|Any CPU
		{AC32905E-8B75-474B-A3E2-8AB98E821BFF}.Release|Any CPU.ActiveCfg = Release|Any CPU
		{AC32905E-8B75-474B-A3E2-8AB98E821BFF}.Release|Any CPU.Build.0 = Release|Any CPU
		{AC32905E-8B75-474B-A3E2-8AB98E821BFF}.Release|Any CPU.Deploy.0 = Release|Any CPU
		{AC32905E-8B75-474B-A3E2-8AB98E821BFF}.Release|ARM.ActiveCfg = Release|Any CPU
		{AC32905E-8B75-474B-A3E2-8AB98E821BFF}.Release|ARM.Build.0 = Release|Any CPU
		{AC32905E-8B75-474B-A3E2-8AB98E821BFF}.Release|ARM.Deploy.0 = Release|Any CPU
		{AC32905E-8B75-474B-A3E2-8AB98E821BFF}.Release|iPhone.ActiveCfg = Release|Any CPU
		{AC32905E-8B75-474B-A3E2-8AB98E821BFF}.Release|iPhone.Build.0 = Release|Any CPU
		{AC32905E-8B75-474B-A3E2-8AB98E821BFF}.Release|iPhone.Deploy.0 = Release|Any CPU
		{AC32905E-8B75-474B-A3E2-8AB98E821BFF}.Release|iPhoneSimulator.ActiveCfg = Release|Any CPU
		{AC32905E-8B75-474B-A3E2-8AB98E821BFF}.Release|iPhoneSimulator.Build.0 = Release|Any CPU
		{AC32905E-8B75-474B-A3E2-8AB98E821BFF}.Release|iPhoneSimulator.Deploy.0 = Release|Any CPU
		{AC32905E-8B75-474B-A3E2-8AB98E821BFF}.Release|x64.ActiveCfg = Release|Any CPU
		{AC32905E-8B75-474B-A3E2-8AB98E821BFF}.Release|x64.Build.0 = Release|Any CPU
		{AC32905E-8B75-474B-A3E2-8AB98E821BFF}.Release|x64.Deploy.0 = Release|Any CPU
		{AC32905E-8B75-474B-A3E2-8AB98E821BFF}.Release|x86.ActiveCfg = Release|Any CPU
		{AC32905E-8B75-474B-A3E2-8AB98E821BFF}.Release|x86.Build.0 = Release|Any CPU
		{AC32905E-8B75-474B-A3E2-8AB98E821BFF}.Release|x86.Deploy.0 = Release|Any CPU
	EndGlobalSection
	GlobalSection(SolutionProperties) = preSolution
		HideSolutionNode = FALSE
	EndGlobalSection
	GlobalSection(ExtensibilityGlobals) = postSolution
		SolutionGuid = {AB54B454-59A7-4EE9-8C43-CD33C6B33DFE}
	EndGlobalSection
EndGlobal
